Microsoft Visual Studio Solution File, Format Version 12.00
# Visual Studio Version 17
VisualStudioVersion = 17.5.2.0
MinimumVisualStudioVersion = 10.0.40219.1
Project("{FAE04EC0-301F-11D3-BF4B-00C04F79EFBC}") = "ExemploAtributos", "ExemploAtributos.csproj", "{5B2721B1-7BF4-CD76-3F5B-65A4434519D4}"
EndProject
Global
	GlobalSection(SolutionConfigurationPlatforms) = preSolution
		Debug|Any CPU = Debug|Any CPU
		Release|Any CPU = Release|Any CPU
	EndGlobalSection
	GlobalSection(ProjectConfigurationPlatforms) = postSolution
		{5B2721B1-7BF4-CD76-3F5B-65A4434519D4}.Debug|Any CPU.ActiveCfg = Debug|Any CPU
		{5B2721B1-7BF4-CD76-3F5B-65A4434519D4}.Debug|Any CPU.Build.0 = Debug|Any CPU
		{5B2721B1-7BF4-CD76-3F5B-65A4434519D4}.Release|Any CPU.ActiveCfg = Release|Any CPU
		{5B2721B1-7BF4-CD76-3F5B-65A4434519D4}.Release|Any CPU.Build.0 = Release|Any CPU
	EndGlobalSection
	GlobalSection(SolutionProperties) = preSolution
		HideSolutionNode = FALSE
	EndGlobalSection
	GlobalSection(ExtensibilityGlobals) = postSolution
		SolutionGuid = {E83F01FE-C24B-4C4A-9F4B-9E8CE48E900E}
	EndGlobalSection
EndGlobal
