Microsoft Visual Studio Solution File, Format Version 12.00
# Visual Studio Version 17
VisualStudioVersion = 17.5.2.0
MinimumVisualStudioVersion = 10.0.40219.1
Project("{FAE04EC0-301F-11D3-BF4B-00C04F79EFBC}") = "ExemploClasseAbstrataNaPratica", "ExemploClasseAbstrataNaPratica.csproj", "{2F0BFC30-1DAA-2451-76D2-3B11FEA5677C}"
EndProject
Global
	GlobalSection(SolutionConfigurationPlatforms) = preSolution
		Debug|Any CPU = Debug|Any CPU
		Release|Any CPU = Release|Any CPU
	EndGlobalSection
	GlobalSection(ProjectConfigurationPlatforms) = postSolution
		{2F0BFC30-1DAA-2451-76D2-3B11FEA5677C}.Debug|Any CPU.ActiveCfg = Debug|Any CPU
		{2F0BFC30-1DAA-2451-76D2-3B11FEA5677C}.Debug|Any CPU.Build.0 = Debug|Any CPU
		{2F0BFC30-1DAA-2451-76D2-3B11FEA5677C}.Release|Any CPU.ActiveCfg = Release|Any CPU
		{2F0BFC30-1DAA-2451-76D2-3B11FEA5677C}.Release|Any CPU.Build.0 = Release|Any CPU
	EndGlobalSection
	GlobalSection(SolutionProperties) = preSolution
		HideSolutionNode = FALSE
	EndGlobalSection
	GlobalSection(ExtensibilityGlobals) = postSolution
		SolutionGuid = {0938BDD1-2FB5-457C-81C4-109F17E3F4F6}
	EndGlobalSection
EndGlobal
