Microsoft Visual Studio Solution File, Format Version 12.00
# Visual Studio Version 17
VisualStudioVersion = 17.5.2.0
MinimumVisualStudioVersion = 10.0.40219.1
Project("{FAE04EC0-301F-11D3-BF4B-00C04F79EFBC}") = "ExemploCriandoAController", "ExemploCriandoAController.csproj", "{0D854D70-7CBD-A8B2-59C7-CBC4C9241DCB}"
EndProject
Global
	GlobalSection(SolutionConfigurationPlatforms) = preSolution
		Debug|Any CPU = Debug|Any CPU
		Release|Any CPU = Release|Any CPU
	EndGlobalSection
	GlobalSection(ProjectConfigurationPlatforms) = postSolution
		{0D854D70-7CBD-A8B2-59C7-CBC4C9241DCB}.Debug|Any CPU.ActiveCfg = Debug|Any CPU
		{0D854D70-7CBD-A8B2-59C7-CBC4C9241DCB}.Debug|Any CPU.Build.0 = Debug|Any CPU
		{0D854D70-7CBD-A8B2-59C7-CBC4C9241DCB}.Release|Any CPU.ActiveCfg = Release|Any CPU
		{0D854D70-7CBD-A8B2-59C7-CBC4C9241DCB}.Release|Any CPU.Build.0 = Release|Any CPU
	EndGlobalSection
	GlobalSection(SolutionProperties) = preSolution
		HideSolutionNode = FALSE
	EndGlobalSection
	GlobalSection(ExtensibilityGlobals) = postSolution
		SolutionGuid = {5F922D61-836F-4958-9002-3B00C16FDBD7}
	EndGlobalSection
EndGlobal
