Microsoft Visual Studio Solution File, Format Version 12.00
# Visual Studio Version 17
VisualStudioVersion = 17.5.2.0
MinimumVisualStudioVersion = 10.0.40219.1
Project("{FAE04EC0-301F-11D3-BF4B-00C04F79EFBC}") = "ExemploSerializacaoNaPratica", "ExemploSerializacaoNaPratica.csproj", "{B2B0B445-602F-25FA-C5D9-4CFF8D392D9D}"
EndProject
Global
	GlobalSection(SolutionConfigurationPlatforms) = preSolution
		Debug|Any CPU = Debug|Any CPU
		Release|Any CPU = Release|Any CPU
	EndGlobalSection
	GlobalSection(ProjectConfigurationPlatforms) = postSolution
		{B2B0B445-602F-25FA-C5D9-4CFF8D392D9D}.Debug|Any CPU.ActiveCfg = Debug|Any CPU
		{B2B0B445-602F-25FA-C5D9-4CFF8D392D9D}.Debug|Any CPU.Build.0 = Debug|Any CPU
		{B2B0B445-602F-25FA-C5D9-4CFF8D392D9D}.Release|Any CPU.ActiveCfg = Release|Any CPU
		{B2B0B445-602F-25FA-C5D9-4CFF8D392D9D}.Release|Any CPU.Build.0 = Release|Any CPU
	EndGlobalSection
	GlobalSection(SolutionProperties) = preSolution
		HideSolutionNode = FALSE
	EndGlobalSection
	GlobalSection(ExtensibilityGlobals) = postSolution
		SolutionGuid = {B92B6884-CC2A-425A-8F45-CE3B3EFB9E87}
	EndGlobalSection
EndGlobal
