Microsoft Visual Studio Solution File, Format Version 12.00
# Visual Studio Version 17
VisualStudioVersion = 17.5.2.0
MinimumVisualStudioVersion = 10.0.40219.1
Project("{FAE04EC0-301F-11D3-BF4B-00C04F79EFBC}") = "ExemploBodyExpressions", "ExemploBodyExpressions.csproj", "{69A8A24E-141A-CB3C-8182-D6B4203C6E12}"
EndProject
Global
	GlobalSection(SolutionConfigurationPlatforms) = preSolution
		Debug|Any CPU = Debug|Any CPU
		Release|Any CPU = Release|Any CPU
	EndGlobalSection
	GlobalSection(ProjectConfigurationPlatforms) = postSolution
		{69A8A24E-141A-CB3C-8182-D6B4203C6E12}.Debug|Any CPU.ActiveCfg = Debug|Any CPU
		{69A8A24E-141A-CB3C-8182-D6B4203C6E12}.Debug|Any CPU.Build.0 = Debug|Any CPU
		{69A8A24E-141A-CB3C-8182-D6B4203C6E12}.Release|Any CPU.ActiveCfg = Release|Any CPU
		{69A8A24E-141A-CB3C-8182-D6B4203C6E12}.Release|Any CPU.Build.0 = Release|Any CPU
	EndGlobalSection
	GlobalSection(SolutionProperties) = preSolution
		HideSolutionNode = FALSE
	EndGlobalSection
	GlobalSection(ExtensibilityGlobals) = postSolution
		SolutionGuid = {B78953B9-2062-451D-A269-6DB6B64CF16C}
	EndGlobalSection
EndGlobal
