Microsoft Visual Studio Solution File, Format Version 12.00
# Visual Studio Version 17
VisualStudioVersion = 17.5.2.0
MinimumVisualStudioVersion = 10.0.40219.1
Project("{FAE04EC0-301F-11D3-BF4B-00C04F79EFBC}") = "ExemploClasseObjectNaPratica", "ExemploClasseObjectNaPratica.csproj", "{BCBA90C5-622A-D147-400A-9AC90F61CA3D}"
EndProject
Global
	GlobalSection(SolutionConfigurationPlatforms) = preSolution
		Debug|Any CPU = Debug|Any CPU
		Release|Any CPU = Release|Any CPU
	EndGlobalSection
	GlobalSection(ProjectConfigurationPlatforms) = postSolution
		{BCBA90C5-622A-D147-400A-9AC90F61CA3D}.Debug|Any CPU.ActiveCfg = Debug|Any CPU
		{BCBA90C5-622A-D147-400A-9AC90F61CA3D}.Debug|Any CPU.Build.0 = Debug|Any CPU
		{BCBA90C5-622A-D147-400A-9AC90F61CA3D}.Release|Any CPU.ActiveCfg = Release|Any CPU
		{BCBA90C5-622A-D147-400A-9AC90F61CA3D}.Release|Any CPU.Build.0 = Release|Any CPU
	EndGlobalSection
	GlobalSection(SolutionProperties) = preSolution
		HideSolutionNode = FALSE
	EndGlobalSection
	GlobalSection(ExtensibilityGlobals) = postSolution
		SolutionGuid = {24EB2A85-23B3-417E-A483-50BF37609C6D}
	EndGlobalSection
EndGlobal
