Microsoft Visual Studio Solution File, Format Version 12.00
# Visual Studio Version 17
VisualStudioVersion = 17.5.2.0
MinimumVisualStudioVersion = 10.0.40219.1
Project("{FAE04EC0-301F-11D3-BF4B-00C04F79EFBC}") = "Exemplo04DiferencaoEntreConvertEParse", "Exemplo04DiferencaoEntreConvertEParse.csproj", "{845A4CED-CE16-E3C5-DBFE-9E3C640835E9}"
EndProject
Global
	GlobalSection(SolutionConfigurationPlatforms) = preSolution
		Debug|Any CPU = Debug|Any CPU
		Release|Any CPU = Release|Any CPU
	EndGlobalSection
	GlobalSection(ProjectConfigurationPlatforms) = postSolution
		{845A4CED-CE16-E3C5-DBFE-9E3C640835E9}.Debug|Any CPU.ActiveCfg = Debug|Any CPU
		{845A4CED-CE16-E3C5-DBFE-9E3C640835E9}.Debug|Any CPU.Build.0 = Debug|Any CPU
		{845A4CED-CE16-E3C5-DBFE-9E3C640835E9}.Release|Any CPU.ActiveCfg = Release|Any CPU
		{845A4CED-CE16-E3C5-DBFE-9E3C640835E9}.Release|Any CPU.Build.0 = Release|Any CPU
	EndGlobalSection
	GlobalSection(SolutionProperties) = preSolution
		HideSolutionNode = FALSE
	EndGlobalSection
	GlobalSection(ExtensibilityGlobals) = postSolution
		SolutionGuid = {4C3374D5-399E-452A-8B09-7BD91178936B}
	EndGlobalSection
EndGlobal
