Microsoft Visual Studio Solution File, Format Version 12.00
# Visual Studio Version 17
VisualStudioVersion = 17.5.2.0
MinimumVisualStudioVersion = 10.0.40219.1
Project("{FAE04EC0-301F-11D3-BF4B-00C04F79EFBC}") = "Exemplo05ConversaoParaString", "Exemplo05ConversaoParaString.csproj", "{02038A06-673C-11C4-3460-81520C2F3D94}"
EndProject
Global
	GlobalSection(SolutionConfigurationPlatforms) = preSolution
		Debug|Any CPU = Debug|Any CPU
		Release|Any CPU = Release|Any CPU
	EndGlobalSection
	GlobalSection(ProjectConfigurationPlatforms) = postSolution
		{02038A06-673C-11C4-3460-81520C2F3D94}.Debug|Any CPU.ActiveCfg = Debug|Any CPU
		{02038A06-673C-11C4-3460-81520C2F3D94}.Debug|Any CPU.Build.0 = Debug|Any CPU
		{02038A06-673C-11C4-3460-81520C2F3D94}.Release|Any CPU.ActiveCfg = Release|Any CPU
		{02038A06-673C-11C4-3460-81520C2F3D94}.Release|Any CPU.Build.0 = Release|Any CPU
	EndGlobalSection
	GlobalSection(SolutionProperties) = preSolution
		HideSolutionNode = FALSE
	EndGlobalSection
	GlobalSection(ExtensibilityGlobals) = postSolution
		SolutionGuid = {DBE933D6-7BFF-420E-AC5A-5C5E24AE7B0C}
	EndGlobalSection
EndGlobal
