Microsoft Visual Studio Solution File, Format Version 12.00
# Visual Studio Version 17
VisualStudioVersion = 17.5.2.0
MinimumVisualStudioVersion = 10.0.40219.1
Project("{FAE04EC0-301F-11D3-BF4B-00C04F79EFBC}") = "ExemploCriandoNossoNovoProjeto", "ExemploCriandoNossoNovoProjeto.csproj", "{C6ECF0C5-B4D7-2A92-A870-EA54D88A41E4}"
EndProject
Project("{FAE04EC0-301F-11D3-BF4B-00C04F79EFBC}") = "ExemploCriandoNossoNovoProjeto.Common", "ExemploCriandoNossoNovoProjeto.Common\ExemploCriandoNossoNovoProjeto.Common.csproj", "{572FCFE8-5B4A-4D17-B330-93D3E70D17A8}"
EndProject
Global
	GlobalSection(SolutionConfigurationPlatforms) = preSolution
		Debug|Any CPU = Debug|Any CPU
		Release|Any CPU = Release|Any CPU
	EndGlobalSection
	GlobalSection(ProjectConfigurationPlatforms) = postSolution
		{C6ECF0C5-B4D7-2A92-A870-EA54D88A41E4}.Debug|Any CPU.ActiveCfg = Debug|Any CPU
		{C6ECF0C5-B4D7-2A92-A870-EA54D88A41E4}.Debug|Any CPU.Build.0 = Debug|Any CPU
		{C6ECF0C5-B4D7-2A92-A870-EA54D88A41E4}.Release|Any CPU.ActiveCfg = Release|Any CPU
		{C6ECF0C5-B4D7-2A92-A870-EA54D88A41E4}.Release|Any CPU.Build.0 = Release|Any CPU
		{572FCFE8-5B4A-4D17-B330-93D3E70D17A8}.Debug|Any CPU.ActiveCfg = Debug|Any CPU
		{572FCFE8-5B4A-4D17-B330-93D3E70D17A8}.Debug|Any CPU.Build.0 = Debug|Any CPU
		{572FCFE8-5B4A-4D17-B330-93D3E70D17A8}.Release|Any CPU.ActiveCfg = Release|Any CPU
		{572FCFE8-5B4A-4D17-B330-93D3E70D17A8}.Release|Any CPU.Build.0 = Release|Any CPU
	EndGlobalSection
	GlobalSection(SolutionProperties) = preSolution
		HideSolutionNode = FALSE
	EndGlobalSection
	GlobalSection(ExtensibilityGlobals) = postSolution
		SolutionGuid = {E1E77EF8-364A-4699-8281-6F859FCF4E6B}
	EndGlobalSection
EndGlobal
