Microsoft Visual Studio Solution File, Format Version 12.00
# Visual Studio Version 17
VisualStudioVersion = 17.5.2.0
MinimumVisualStudioVersion = 10.0.40219.1
Project("{FAE04EC0-301F-11D3-BF4B-00C04F79EFBC}") = "ExemploIntroducaoOperadorDeAtribuicao", "ExemploIntroducaoOperadorDeAtribuicao.csproj", "{E6ADC1EC-7C31-0C54-16EE-534914259BCA}"
EndProject
Global
	GlobalSection(SolutionConfigurationPlatforms) = preSolution
		Debug|Any CPU = Debug|Any CPU
		Release|Any CPU = Release|Any CPU
	EndGlobalSection
	GlobalSection(ProjectConfigurationPlatforms) = postSolution
		{E6ADC1EC-7C31-0C54-16EE-534914259BCA}.Debug|Any CPU.ActiveCfg = Debug|Any CPU
		{E6ADC1EC-7C31-0C54-16EE-534914259BCA}.Debug|Any CPU.Build.0 = Debug|Any CPU
		{E6ADC1EC-7C31-0C54-16EE-534914259BCA}.Release|Any CPU.ActiveCfg = Release|Any CPU
		{E6ADC1EC-7C31-0C54-16EE-534914259BCA}.Release|Any CPU.Build.0 = Release|Any CPU
	EndGlobalSection
	GlobalSection(SolutionProperties) = preSolution
		HideSolutionNode = FALSE
	EndGlobalSection
	GlobalSection(ExtensibilityGlobals) = postSolution
		SolutionGuid = {352C9E99-210E-4348-873F-2DA61EBD13F2}
	EndGlobalSection
EndGlobal
