Microsoft Visual Studio Solution File, Format Version 12.00
# Visual Studio Version 17
VisualStudioVersion = 17.5.2.0
MinimumVisualStudioVersion = 10.0.40219.1
Project("{FAE04EC0-301F-11D3-BF4B-00C04F79EFBC}") = "ExemploTratandoUmaExcecao", "ExemploTratandoUmaExcecao.csproj", "{A574B967-6577-7997-22D8-368D14A67494}"
EndProject
Global
	GlobalSection(SolutionConfigurationPlatforms) = preSolution
		Debug|Any CPU = Debug|Any CPU
		Release|Any CPU = Release|Any CPU
	EndGlobalSection
	GlobalSection(ProjectConfigurationPlatforms) = postSolution
		{A574B967-6577-7997-22D8-368D14A67494}.Debug|Any CPU.ActiveCfg = Debug|Any CPU
		{A574B967-6577-7997-22D8-368D14A67494}.Debug|Any CPU.Build.0 = Debug|Any CPU
		{A574B967-6577-7997-22D8-368D14A67494}.Release|Any CPU.ActiveCfg = Release|Any CPU
		{A574B967-6577-7997-22D8-368D14A67494}.Release|Any CPU.Build.0 = Release|Any CPU
	EndGlobalSection
	GlobalSection(SolutionProperties) = preSolution
		HideSolutionNode = FALSE
	EndGlobalSection
	GlobalSection(ExtensibilityGlobals) = postSolution
		SolutionGuid = {513BCA99-FA74-4032-8635-01AF4B193C52}
	EndGlobalSection
EndGlobal
