Microsoft Visual Studio Solution File, Format Version 12.00
# Visual Studio Version 17
VisualStudioVersion = 17.5.2.0
MinimumVisualStudioVersion = 10.0.40219.1
Project("{FAE04EC0-301F-11D3-BF4B-00C04F79EFBC}") = "ExemploModificadoresDeAcesso", "ExemploModificadoresDeAcesso.csproj", "{22D311BF-755C-E40F-C7E4-46EC41B07473}"
EndProject
Global
	GlobalSection(SolutionConfigurationPlatforms) = preSolution
		Debug|Any CPU = Debug|Any CPU
		Release|Any CPU = Release|Any CPU
	EndGlobalSection
	GlobalSection(ProjectConfigurationPlatforms) = postSolution
		{22D311BF-755C-E40F-C7E4-46EC41B07473}.Debug|Any CPU.ActiveCfg = Debug|Any CPU
		{22D311BF-755C-E40F-C7E4-46EC41B07473}.Debug|Any CPU.Build.0 = Debug|Any CPU
		{22D311BF-755C-E40F-C7E4-46EC41B07473}.Release|Any CPU.ActiveCfg = Release|Any CPU
		{22D311BF-755C-E40F-C7E4-46EC41B07473}.Release|Any CPU.Build.0 = Release|Any CPU
	EndGlobalSection
	GlobalSection(SolutionProperties) = preSolution
		HideSolutionNode = FALSE
	EndGlobalSection
	GlobalSection(ExtensibilityGlobals) = postSolution
		SolutionGuid = {AE23678C-CE10-4A94-BC64-C795B25F14D2}
	EndGlobalSection
EndGlobal
