Microsoft Visual Studio Solution File, Format Version 12.00
# Visual Studio Version 17
VisualStudioVersion = 17.5.2.0
MinimumVisualStudioVersion = 10.0.40219.1
Project("{FAE04EC0-301F-11D3-BF4B-00C04F79EFBC}") = "ExemploOutraSintaxeDaTupla", "ExemploOutraSintaxeDaTupla.csproj", "{2FFD9619-A43C-7F6D-C907-32640855C948}"
EndProject
Global
	GlobalSection(SolutionConfigurationPlatforms) = preSolution
		Debug|Any CPU = Debug|Any CPU
		Release|Any CPU = Release|Any CPU
	EndGlobalSection
	GlobalSection(ProjectConfigurationPlatforms) = postSolution
		{2FFD9619-A43C-7F6D-C907-32640855C948}.Debug|Any CPU.ActiveCfg = Debug|Any CPU
		{2FFD9619-A43C-7F6D-C907-32640855C948}.Debug|Any CPU.Build.0 = Debug|Any CPU
		{2FFD9619-A43C-7F6D-C907-32640855C948}.Release|Any CPU.ActiveCfg = Release|Any CPU
		{2FFD9619-A43C-7F6D-C907-32640855C948}.Release|Any CPU.Build.0 = Release|Any CPU
	EndGlobalSection
	GlobalSection(SolutionProperties) = preSolution
		HideSolutionNode = FALSE
	EndGlobalSection
	GlobalSection(ExtensibilityGlobals) = postSolution
		SolutionGuid = {1F159322-0CA9-4362-A1AB-A41EA850A0EF}
	EndGlobalSection
EndGlobal
