Microsoft Visual Studio Solution File, Format Version 12.00
# Visual Studio Version 17
VisualStudioVersion = 17.5.2.0
MinimumVisualStudioVersion = 10.0.40219.1
Project("{FAE04EC0-301F-11D3-BF4B-00C04F79EFBC}") = "ExemploClasseSeladaNaPratica", "ExemploClasseSeladaNaPratica.csproj", "{0F047298-1D47-AC40-A19D-F361121A1C4B}"
EndProject
Global
	GlobalSection(SolutionConfigurationPlatforms) = preSolution
		Debug|Any CPU = Debug|Any CPU
		Release|Any CPU = Release|Any CPU
	EndGlobalSection
	GlobalSection(ProjectConfigurationPlatforms) = postSolution
		{0F047298-1D47-AC40-A19D-F361121A1C4B}.Debug|Any CPU.ActiveCfg = Debug|Any CPU
		{0F047298-1D47-AC40-A19D-F361121A1C4B}.Debug|Any CPU.Build.0 = Debug|Any CPU
		{0F047298-1D47-AC40-A19D-F361121A1C4B}.Release|Any CPU.ActiveCfg = Release|Any CPU
		{0F047298-1D47-AC40-A19D-F361121A1C4B}.Release|Any CPU.Build.0 = Release|Any CPU
	EndGlobalSection
	GlobalSection(SolutionProperties) = preSolution
		HideSolutionNode = FALSE
	EndGlobalSection
	GlobalSection(ExtensibilityGlobals) = postSolution
		SolutionGuid = {5CB686A6-9311-4CBC-8138-1B89F4E9C48C}
	EndGlobalSection
EndGlobal
